
Microsoft Visual Studio Solution File, Format Version 12.00
# Visual Studio Version 16
VisualStudioVersion = 16.0.30907.101
MinimumVisualStudioVersion = 10.0.40219.1
Project("{FAE04EC0-301F-11D3-BF4B-00C04F79EFBC}") = "Comvision_TestProjecct", "Comvision_TestProjecct.csproj", "{47376B17-1BBD-45DE-A547-3B1B713B02C8}"
EndProject
Global
	GlobalSection(SolutionConfigurationPlatforms) = preSolution
		Debug|Any CPU = Debug|Any CPU
		Release|Any CPU = Release|Any CPU
	EndGlobalSection
	GlobalSection(ProjectConfigurationPlatforms) = postSolution
		{47376B17-1BBD-45DE-A547-3B1B713B02C8}.Debug|Any CPU.ActiveCfg = Debug|Any CPU
		{47376B17-1BBD-45DE-A547-3B1B713B02C8}.Debug|Any CPU.Build.0 = Debug|Any CPU
		{47376B17-1BBD-45DE-A547-3B1B713B02C8}.Release|Any CPU.ActiveCfg = Release|Any CPU
		{47376B17-1BBD-45DE-A547-3B1B713B02C8}.Release|Any CPU.Build.0 = Release|Any CPU
	EndGlobalSection
	GlobalSection(SolutionProperties) = preSolution
		HideSolutionNode = FALSE
	EndGlobalSection
	GlobalSection(ExtensibilityGlobals) = postSolution
		SolutionGuid = {16E69DC7-4D10-4DF5-9E81-34BBDFF66971}
	EndGlobalSection
EndGlobal
